
Microsoft Visual Studio Solution File, Format Version 12.00
# Visual Studio Version 17
VisualStudioVersion = 17.8.34330.188
MinimumVisualStudioVersion = 10.0.40219.1
Project("{9A19103F-16F7-4668-BE54-9A1E7A4F7556}") = "HttpFirstProject", "HttpFirstProject\HttpFirstProject.csproj", "{4E9A82FC-0B5A-4565-9FD2-8DCFCEE6A03A}"
EndProject
Project("{2150E333-8FDC-42A3-9474-1A3956D46DE8}") = "Lesson Http", "Lesson Http", "{FB7A19A4-A169-44EC-90C8-81971F4FB9B2}"
EndProject
Project("{9A19103F-16F7-4668-BE54-9A1E7A4F7556}") = "Muvi", "Muvi\Muvi.csproj", "{EE7FB89D-97C2-4632-A210-878DB8DCC217}"
EndProject
Project("{2150E333-8FDC-42A3-9474-1A3956D46DE8}") = "Lesson telegram bot", "Lesson telegram bot", "{A887ABB9-508A-4466-8439-B41F88BD2374}"
EndProject
Project("{9A19103F-16F7-4668-BE54-9A1E7A4F7556}") = "NBUwithbot", "NBUwithbot\NBUwithbot.csproj", "{86F2F325-69C8-470A-B19D-0D85B69A3A1F}"
EndProject
Project("{9A19103F-16F7-4668-BE54-9A1E7A4F7556}") = "AllServis", "AllServis\AllServis.csproj", "{40C16B52-FB80-4396-865B-07A47F11CE4E}"
EndProject
Project("{9A19103F-16F7-4668-BE54-9A1E7A4F7556}") = "PostcCreater", "PostcCreater\PostcCreater.csproj", "{93CDE896-1F48-4C1B-8B8C-82AA9DCED987}"
EndProject
Project("{9A19103F-16F7-4668-BE54-9A1E7A4F7556}") = "SendZip", "SendZip\SendZip.csproj", "{5339D394-CEC1-4C8C-A242-3F402B083726}"
EndProject
Project("{9A19103F-16F7-4668-BE54-9A1E7A4F7556}") = "ConsoleApp1", "ConsoleApp1\ConsoleApp1.csproj", "{75630BDF-3B97-4496-8576-7FD95291532C}"
EndProject
Project("{9A19103F-16F7-4668-BE54-9A1E7A4F7556}") = "FollowBot", "FollowBot\FollowBot.csproj", "{044B71D8-09AD-433A-8132-D57B6C3EA252}"
EndProject
Project("{2150E333-8FDC-42A3-9474-1A3956D46DE8}") = "Postgrast.txt", "Postgrast.txt", "{950F8852-9A62-428E-9E0A-25A40974E995}"
EndProject
Project("{9A19103F-16F7-4668-BE54-9A1E7A4F7556}") = "Rpbote", "Rpbote\Rpbote.csproj", "{4291D086-E70B-4519-ABF9-C0633492DAB4}"
EndProject
Project("{9A19103F-16F7-4668-BE54-9A1E7A4F7556}") = "ConsoleApp4", "ConsoleApp4\ConsoleApp4.csproj", "{B6FB22FB-7C25-449B-B2F6-BC0DE86AC323}"
EndProject
Project("{2150E333-8FDC-42A3-9474-1A3956D46DE8}") = "work with database", "work with database", "{9928AD9D-F1FD-4C7A-BE78-E08D32E495F9}"
EndProject
Project("{9A19103F-16F7-4668-BE54-9A1E7A4F7556}") = "Chat", "Chat\Chat.csproj", "{26F86999-6631-4748-BCE6-91B674367493}"
EndProject
Project("{2150E333-8FDC-42A3-9474-1A3956D46DE8}") = "LinqLesson", "LinqLesson", "{ECF65F6F-ECCB-4CA2-8AF4-72CC3B498F15}"
EndProject
Project("{9A19103F-16F7-4668-BE54-9A1E7A4F7556}") = "LINQLesson", "LINQLesson\LINQLesson.csproj", "{6E6241C3-A899-4058-B698-89FE2C1EF105}"
EndProject
Project("{9A19103F-16F7-4668-BE54-9A1E7A4F7556}") = "LINQsecondLesson", "LINQsecondLesson\LINQsecondLesson.csproj", "{C17788BC-7810-4BA9-942D-D33D1566E9EE}"
EndProject
Project("{9A19103F-16F7-4668-BE54-9A1E7A4F7556}") = "LINQsecond", "LINQsecond\LINQsecond.csproj", "{037ACCD3-B14D-40E6-AD0A-716E2428D574}"
EndProject
Project("{9A19103F-16F7-4668-BE54-9A1E7A4F7556}") = "Home_work", "Home_work\Home_work.csproj", "{570ED5B9-F3ED-4853-9FEA-FDDE3069A8C9}"
EndProject
Project("{9A19103F-16F7-4668-BE54-9A1E7A4F7556}") = "LINQexample", "LINQexample\LINQexample.csproj", "{30EB83C9-C21B-4481-A693-8978BDE14050}"
EndProject
Project("{9A19103F-16F7-4668-BE54-9A1E7A4F7556}") = "Firstproject", "ddos\Firstproject.csproj", "{C941CA64-3275-4F5A-959E-08DCAC535820}"
EndProject
Project("{2150E333-8FDC-42A3-9474-1A3956D46DE8}") = "intertaiment", "intertaiment", "{4644D1C8-D9D4-4975-9692-46BEA52638E4}"
EndProject
Global
	GlobalSection(SolutionConfigurationPlatforms) = preSolution
		Debug|Any CPU = Debug|Any CPU
		Release|Any CPU = Release|Any CPU
	EndGlobalSection
	GlobalSection(ProjectConfigurationPlatforms) = postSolution
		{4E9A82FC-0B5A-4565-9FD2-8DCFCEE6A03A}.Debug|Any CPU.ActiveCfg = Debug|Any CPU
		{4E9A82FC-0B5A-4565-9FD2-8DCFCEE6A03A}.Debug|Any CPU.Build.0 = Debug|Any CPU
		{4E9A82FC-0B5A-4565-9FD2-8DCFCEE6A03A}.Release|Any CPU.ActiveCfg = Release|Any CPU
		{4E9A82FC-0B5A-4565-9FD2-8DCFCEE6A03A}.Release|Any CPU.Build.0 = Release|Any CPU
		{EE7FB89D-97C2-4632-A210-878DB8DCC217}.Debug|Any CPU.ActiveCfg = Debug|Any CPU
		{EE7FB89D-97C2-4632-A210-878DB8DCC217}.Debug|Any CPU.Build.0 = Debug|Any CPU
		{EE7FB89D-97C2-4632-A210-878DB8DCC217}.Release|Any CPU.ActiveCfg = Release|Any CPU
		{EE7FB89D-97C2-4632-A210-878DB8DCC217}.Release|Any CPU.Build.0 = Release|Any CPU
		{86F2F325-69C8-470A-B19D-0D85B69A3A1F}.Debug|Any CPU.ActiveCfg = Debug|Any CPU
		{86F2F325-69C8-470A-B19D-0D85B69A3A1F}.Debug|Any CPU.Build.0 = Debug|Any CPU
		{86F2F325-69C8-470A-B19D-0D85B69A3A1F}.Release|Any CPU.ActiveCfg = Release|Any CPU
		{86F2F325-69C8-470A-B19D-0D85B69A3A1F}.Release|Any CPU.Build.0 = Release|Any CPU
		{40C16B52-FB80-4396-865B-07A47F11CE4E}.Debug|Any CPU.ActiveCfg = Debug|Any CPU
		{40C16B52-FB80-4396-865B-07A47F11CE4E}.Debug|Any CPU.Build.0 = Debug|Any CPU
		{40C16B52-FB80-4396-865B-07A47F11CE4E}.Release|Any CPU.ActiveCfg = Release|Any CPU
		{40C16B52-FB80-4396-865B-07A47F11CE4E}.Release|Any CPU.Build.0 = Release|Any CPU
		{93CDE896-1F48-4C1B-8B8C-82AA9DCED987}.Debug|Any CPU.ActiveCfg = Debug|Any CPU
		{93CDE896-1F48-4C1B-8B8C-82AA9DCED987}.Debug|Any CPU.Build.0 = Debug|Any CPU
		{93CDE896-1F48-4C1B-8B8C-82AA9DCED987}.Release|Any CPU.ActiveCfg = Release|Any CPU
		{93CDE896-1F48-4C1B-8B8C-82AA9DCED987}.Release|Any CPU.Build.0 = Release|Any CPU
		{5339D394-CEC1-4C8C-A242-3F402B083726}.Debug|Any CPU.ActiveCfg = Debug|Any CPU
		{5339D394-CEC1-4C8C-A242-3F402B083726}.Debug|Any CPU.Build.0 = Debug|Any CPU
		{5339D394-CEC1-4C8C-A242-3F402B083726}.Release|Any CPU.ActiveCfg = Release|Any CPU
		{5339D394-CEC1-4C8C-A242-3F402B083726}.Release|Any CPU.Build.0 = Release|Any CPU
		{75630BDF-3B97-4496-8576-7FD95291532C}.Debug|Any CPU.ActiveCfg = Debug|Any CPU
		{75630BDF-3B97-4496-8576-7FD95291532C}.Debug|Any CPU.Build.0 = Debug|Any CPU
		{75630BDF-3B97-4496-8576-7FD95291532C}.Release|Any CPU.ActiveCfg = Release|Any CPU
		{75630BDF-3B97-4496-8576-7FD95291532C}.Release|Any CPU.Build.0 = Release|Any CPU
		{044B71D8-09AD-433A-8132-D57B6C3EA252}.Debug|Any CPU.ActiveCfg = Debug|Any CPU
		{044B71D8-09AD-433A-8132-D57B6C3EA252}.Debug|Any CPU.Build.0 = Debug|Any CPU
		{044B71D8-09AD-433A-8132-D57B6C3EA252}.Release|Any CPU.ActiveCfg = Release|Any CPU
		{044B71D8-09AD-433A-8132-D57B6C3EA252}.Release|Any CPU.Build.0 = Release|Any CPU
		{4291D086-E70B-4519-ABF9-C0633492DAB4}.Debug|Any CPU.ActiveCfg = Debug|Any CPU
		{4291D086-E70B-4519-ABF9-C0633492DAB4}.Debug|Any CPU.Build.0 = Debug|Any CPU
		{4291D086-E70B-4519-ABF9-C0633492DAB4}.Release|Any CPU.ActiveCfg = Release|Any CPU
		{4291D086-E70B-4519-ABF9-C0633492DAB4}.Release|Any CPU.Build.0 = Release|Any CPU
		{B6FB22FB-7C25-449B-B2F6-BC0DE86AC323}.Debug|Any CPU.ActiveCfg = Debug|Any CPU
		{B6FB22FB-7C25-449B-B2F6-BC0DE86AC323}.Debug|Any CPU.Build.0 = Debug|Any CPU
		{B6FB22FB-7C25-449B-B2F6-BC0DE86AC323}.Release|Any CPU.ActiveCfg = Release|Any CPU
		{B6FB22FB-7C25-449B-B2F6-BC0DE86AC323}.Release|Any CPU.Build.0 = Release|Any CPU
		{26F86999-6631-4748-BCE6-91B674367493}.Debug|Any CPU.ActiveCfg = Debug|Any CPU
		{26F86999-6631-4748-BCE6-91B674367493}.Debug|Any CPU.Build.0 = Debug|Any CPU
		{26F86999-6631-4748-BCE6-91B674367493}.Release|Any CPU.ActiveCfg = Release|Any CPU
		{26F86999-6631-4748-BCE6-91B674367493}.Release|Any CPU.Build.0 = Release|Any CPU
		{6E6241C3-A899-4058-B698-89FE2C1EF105}.Debug|Any CPU.ActiveCfg = Debug|Any CPU
		{6E6241C3-A899-4058-B698-89FE2C1EF105}.Debug|Any CPU.Build.0 = Debug|Any CPU
		{6E6241C3-A899-4058-B698-89FE2C1EF105}.Release|Any CPU.ActiveCfg = Release|Any CPU
		{6E6241C3-A899-4058-B698-89FE2C1EF105}.Release|Any CPU.Build.0 = Release|Any CPU
		{C17788BC-7810-4BA9-942D-D33D1566E9EE}.Debug|Any CPU.ActiveCfg = Debug|Any CPU
		{C17788BC-7810-4BA9-942D-D33D1566E9EE}.Debug|Any CPU.Build.0 = Debug|Any CPU
		{C17788BC-7810-4BA9-942D-D33D1566E9EE}.Release|Any CPU.ActiveCfg = Release|Any CPU
		{C17788BC-7810-4BA9-942D-D33D1566E9EE}.Release|Any CPU.Build.0 = Release|Any CPU
		{037ACCD3-B14D-40E6-AD0A-716E2428D574}.Debug|Any CPU.ActiveCfg = Debug|Any CPU
		{037ACCD3-B14D-40E6-AD0A-716E2428D574}.Debug|Any CPU.Build.0 = Debug|Any CPU
		{037ACCD3-B14D-40E6-AD0A-716E2428D574}.Release|Any CPU.ActiveCfg = Release|Any CPU
		{037ACCD3-B14D-40E6-AD0A-716E2428D574}.Release|Any CPU.Build.0 = Release|Any CPU
		{570ED5B9-F3ED-4853-9FEA-FDDE3069A8C9}.Debug|Any CPU.ActiveCfg = Debug|Any CPU
		{570ED5B9-F3ED-4853-9FEA-FDDE3069A8C9}.Debug|Any CPU.Build.0 = Debug|Any CPU
		{570ED5B9-F3ED-4853-9FEA-FDDE3069A8C9}.Release|Any CPU.ActiveCfg = Release|Any CPU
		{570ED5B9-F3ED-4853-9FEA-FDDE3069A8C9}.Release|Any CPU.Build.0 = Release|Any CPU
		{30EB83C9-C21B-4481-A693-8978BDE14050}.Debug|Any CPU.ActiveCfg = Debug|Any CPU
		{30EB83C9-C21B-4481-A693-8978BDE14050}.Debug|Any CPU.Build.0 = Debug|Any CPU
		{30EB83C9-C21B-4481-A693-8978BDE14050}.Release|Any CPU.ActiveCfg = Release|Any CPU
		{30EB83C9-C21B-4481-A693-8978BDE14050}.Release|Any CPU.Build.0 = Release|Any CPU
		{C941CA64-3275-4F5A-959E-08DCAC535820}.Debug|Any CPU.ActiveCfg = Debug|Any CPU
		{C941CA64-3275-4F5A-959E-08DCAC535820}.Debug|Any CPU.Build.0 = Debug|Any CPU
		{C941CA64-3275-4F5A-959E-08DCAC535820}.Release|Any CPU.ActiveCfg = Release|Any CPU
		{C941CA64-3275-4F5A-959E-08DCAC535820}.Release|Any CPU.Build.0 = Release|Any CPU
	EndGlobalSection
	GlobalSection(SolutionProperties) = preSolution
		HideSolutionNode = FALSE
	EndGlobalSection
	GlobalSection(NestedProjects) = preSolution
		{4E9A82FC-0B5A-4565-9FD2-8DCFCEE6A03A} = {FB7A19A4-A169-44EC-90C8-81971F4FB9B2}
		{EE7FB89D-97C2-4632-A210-878DB8DCC217} = {FB7A19A4-A169-44EC-90C8-81971F4FB9B2}
		{86F2F325-69C8-470A-B19D-0D85B69A3A1F} = {A887ABB9-508A-4466-8439-B41F88BD2374}
		{40C16B52-FB80-4396-865B-07A47F11CE4E} = {A887ABB9-508A-4466-8439-B41F88BD2374}
		{93CDE896-1F48-4C1B-8B8C-82AA9DCED987} = {A887ABB9-508A-4466-8439-B41F88BD2374}
		{5339D394-CEC1-4C8C-A242-3F402B083726} = {A887ABB9-508A-4466-8439-B41F88BD2374}
		{75630BDF-3B97-4496-8576-7FD95291532C} = {A887ABB9-508A-4466-8439-B41F88BD2374}
		{044B71D8-09AD-433A-8132-D57B6C3EA252} = {A887ABB9-508A-4466-8439-B41F88BD2374}
		{4291D086-E70B-4519-ABF9-C0633492DAB4} = {A887ABB9-508A-4466-8439-B41F88BD2374}
		{B6FB22FB-7C25-449B-B2F6-BC0DE86AC323} = {950F8852-9A62-428E-9E0A-25A40974E995}
		{26F86999-6631-4748-BCE6-91B674367493} = {9928AD9D-F1FD-4C7A-BE78-E08D32E495F9}
		{6E6241C3-A899-4058-B698-89FE2C1EF105} = {ECF65F6F-ECCB-4CA2-8AF4-72CC3B498F15}
		{C17788BC-7810-4BA9-942D-D33D1566E9EE} = {ECF65F6F-ECCB-4CA2-8AF4-72CC3B498F15}
		{037ACCD3-B14D-40E6-AD0A-716E2428D574} = {ECF65F6F-ECCB-4CA2-8AF4-72CC3B498F15}
		{570ED5B9-F3ED-4853-9FEA-FDDE3069A8C9} = {ECF65F6F-ECCB-4CA2-8AF4-72CC3B498F15}
		{30EB83C9-C21B-4481-A693-8978BDE14050} = {ECF65F6F-ECCB-4CA2-8AF4-72CC3B498F15}
		{C941CA64-3275-4F5A-959E-08DCAC535820} = {4644D1C8-D9D4-4975-9692-46BEA52638E4}
	EndGlobalSection
	GlobalSection(ExtensibilityGlobals) = postSolution
		SolutionGuid = {5062043C-703B-49DA-A683-C0BD84F44C5F}
	EndGlobalSection
EndGlobal
